
Microsoft Visual Studio Solution File, Format Version 12.00
# Visual Studio Version 17
VisualStudioVersion = 17.9.34616.47
MinimumVisualStudioVersion = 10.0.40219.1
Project("{FAE04EC0-301F-11D3-BF4B-00C04F79EFBC}") = "Brenius", "Brenius\Brenius.csproj", "{B58EB9AE-FB10-4B41-A55F-E3DA299016F0}"
EndProject
Global
	GlobalSection(SolutionConfigurationPlatforms) = preSolution
		Debug|Any CPU = Debug|Any CPU
		Release|Any CPU = Release|Any CPU
	EndGlobalSection
	GlobalSection(ProjectConfigurationPlatforms) = postSolution
		{B58EB9AE-FB10-4B41-A55F-E3DA299016F0}.Debug|Any CPU.ActiveCfg = Debug|Any CPU
		{B58EB9AE-FB10-4B41-A55F-E3DA299016F0}.Debug|Any CPU.Build.0 = Debug|Any CPU
		{B58EB9AE-FB10-4B41-A55F-E3DA299016F0}.Release|Any CPU.ActiveCfg = Release|Any CPU
		{B58EB9AE-FB10-4B41-A55F-E3DA299016F0}.Release|Any CPU.Build.0 = Release|Any CPU
	EndGlobalSection
	GlobalSection(SolutionProperties) = preSolution
		HideSolutionNode = FALSE
	EndGlobalSection
	GlobalSection(ExtensibilityGlobals) = postSolution
		SolutionGuid = {413C76C2-F530-47A0-BE66-53F8A6A2181B}
	EndGlobalSection
EndGlobal
